
Microsoft Visual Studio Solution File, Format Version 12.00
# Visual Studio 15
VisualStudioVersion = 15.0.25920.0
MinimumVisualStudioVersion = 10.0.40219.1
Project("{FAE04EC0-301F-11D3-BF4B-00C04F79EFBC}") = "Static_Data_Methods", "Static_Data_Methods\Static_Data_Methods.csproj", "{42D7CDD3-B129-43F8-AA2A-42B0CBE5DCEA}"
EndProject
Global
	GlobalSection(SolutionConfigurationPlatforms) = preSolution
		Debug|Any CPU = Debug|Any CPU
		Release|Any CPU = Release|Any CPU
	EndGlobalSection
	GlobalSection(ProjectConfigurationPlatforms) = postSolution
		{42D7CDD3-B129-43F8-AA2A-42B0CBE5DCEA}.Debug|Any CPU.ActiveCfg = Debug|Any CPU
		{42D7CDD3-B129-43F8-AA2A-42B0CBE5DCEA}.Debug|Any CPU.Build.0 = Debug|Any CPU
		{42D7CDD3-B129-43F8-AA2A-42B0CBE5DCEA}.Release|Any CPU.ActiveCfg = Release|Any CPU
		{42D7CDD3-B129-43F8-AA2A-42B0CBE5DCEA}.Release|Any CPU.Build.0 = Release|Any CPU
	EndGlobalSection
	GlobalSection(SolutionProperties) = preSolution
		HideSolutionNode = FALSE
	EndGlobalSection
EndGlobal
