
Microsoft Visual Studio Solution File, Format Version 12.00
# Visual Studio 15
VisualStudioVersion = 15.0.25920.0
MinimumVisualStudioVersion = 10.0.40219.1
Project("{FAE04EC0-301F-11D3-BF4B-00C04F79EFBC}") = "Encapsulation", "Encapsulation\Encapsulation.csproj", "{8C31D74E-73C4-481C-B49D-3B2536B62F76}"
EndProject
Global
	GlobalSection(SolutionConfigurationPlatforms) = preSolution
		Debug|Any CPU = Debug|Any CPU
		Release|Any CPU = Release|Any CPU
	EndGlobalSection
	GlobalSection(ProjectConfigurationPlatforms) = postSolution
		{8C31D74E-73C4-481C-B49D-3B2536B62F76}.Debug|Any CPU.ActiveCfg = Debug|Any CPU
		{8C31D74E-73C4-481C-B49D-3B2536B62F76}.Debug|Any CPU.Build.0 = Debug|Any CPU
		{8C31D74E-73C4-481C-B49D-3B2536B62F76}.Release|Any CPU.ActiveCfg = Release|Any CPU
		{8C31D74E-73C4-481C-B49D-3B2536B62F76}.Release|Any CPU.Build.0 = Release|Any CPU
	EndGlobalSection
	GlobalSection(SolutionProperties) = preSolution
		HideSolutionNode = FALSE
	EndGlobalSection
EndGlobal
