
Microsoft Visual Studio Solution File, Format Version 12.00
# Visual Studio 14
VisualStudioVersion = 14.0.25123.0
MinimumVisualStudioVersion = 10.0.40219.1
Project("{FAE04EC0-301F-11D3-BF4B-00C04F79EFBC}") = "NestedIfElse", "NestedIfElse\NestedIfElse.csproj", "{356226BA-3ECD-43C6-868C-614BC15FDCDA}"
EndProject
Global
	GlobalSection(SolutionConfigurationPlatforms) = preSolution
		Debug|Any CPU = Debug|Any CPU
		Release|Any CPU = Release|Any CPU
	EndGlobalSection
	GlobalSection(ProjectConfigurationPlatforms) = postSolution
		{356226BA-3ECD-43C6-868C-614BC15FDCDA}.Debug|Any CPU.ActiveCfg = Debug|Any CPU
		{356226BA-3ECD-43C6-868C-614BC15FDCDA}.Debug|Any CPU.Build.0 = Debug|Any CPU
		{356226BA-3ECD-43C6-868C-614BC15FDCDA}.Release|Any CPU.ActiveCfg = Release|Any CPU
		{356226BA-3ECD-43C6-868C-614BC15FDCDA}.Release|Any CPU.Build.0 = Release|Any CPU
	EndGlobalSection
	GlobalSection(SolutionProperties) = preSolution
		HideSolutionNode = FALSE
	EndGlobalSection
EndGlobal
