
Microsoft Visual Studio Solution File, Format Version 12.00
# Visual Studio 14
VisualStudioVersion = 14.0.25123.0
MinimumVisualStudioVersion = 10.0.40219.1
Project("{FAE04EC0-301F-11D3-BF4B-00C04F79EFBC}") = "Explicit_Conversion_Using_Convert_Command", "Explicit_Conversion_Using_Convert_Command\Explicit_Conversion_Using_Convert_Command.csproj", "{5A9D7768-BD44-4145-A73E-81D9F4FA62B2}"
EndProject
Global
	GlobalSection(SolutionConfigurationPlatforms) = preSolution
		Debug|Any CPU = Debug|Any CPU
		Release|Any CPU = Release|Any CPU
	EndGlobalSection
	GlobalSection(ProjectConfigurationPlatforms) = postSolution
		{5A9D7768-BD44-4145-A73E-81D9F4FA62B2}.Debug|Any CPU.ActiveCfg = Debug|Any CPU
		{5A9D7768-BD44-4145-A73E-81D9F4FA62B2}.Debug|Any CPU.Build.0 = Debug|Any CPU
		{5A9D7768-BD44-4145-A73E-81D9F4FA62B2}.Release|Any CPU.ActiveCfg = Release|Any CPU
		{5A9D7768-BD44-4145-A73E-81D9F4FA62B2}.Release|Any CPU.Build.0 = Release|Any CPU
	EndGlobalSection
	GlobalSection(SolutionProperties) = preSolution
		HideSolutionNode = FALSE
	EndGlobalSection
EndGlobal
