
Microsoft Visual Studio Solution File, Format Version 12.00
# Visual Studio 14
VisualStudioVersion = 14.0.25123.0
MinimumVisualStudioVersion = 10.0.40219.1
Project("{FAE04EC0-301F-11D3-BF4B-00C04F79EFBC}") = "DebuggingMethods", "DebuggingMethods\DebuggingMethods.csproj", "{676D55BF-2AD4-4A72-A4A1-247BC6E6EC34}"
EndProject
Global
	GlobalSection(SolutionConfigurationPlatforms) = preSolution
		Debug|Any CPU = Debug|Any CPU
		Release|Any CPU = Release|Any CPU
	EndGlobalSection
	GlobalSection(ProjectConfigurationPlatforms) = postSolution
		{676D55BF-2AD4-4A72-A4A1-247BC6E6EC34}.Debug|Any CPU.ActiveCfg = Debug|Any CPU
		{676D55BF-2AD4-4A72-A4A1-247BC6E6EC34}.Debug|Any CPU.Build.0 = Debug|Any CPU
		{676D55BF-2AD4-4A72-A4A1-247BC6E6EC34}.Release|Any CPU.ActiveCfg = Release|Any CPU
		{676D55BF-2AD4-4A72-A4A1-247BC6E6EC34}.Release|Any CPU.Build.0 = Release|Any CPU
	EndGlobalSection
	GlobalSection(SolutionProperties) = preSolution
		HideSolutionNode = FALSE
	EndGlobalSection
EndGlobal
