
Microsoft Visual Studio Solution File, Format Version 12.00
# Visual Studio 14
VisualStudioVersion = 14.0.25123.0
MinimumVisualStudioVersion = 10.0.40219.1
Project("{FAE04EC0-301F-11D3-BF4B-00C04F79EFBC}") = "Challenge14", "Challenge14\Challenge14.csproj", "{20B3BB00-70D9-4E3D-BCC3-D5D8B8ABDA2A}"
EndProject
Global
	GlobalSection(SolutionConfigurationPlatforms) = preSolution
		Debug|Any CPU = Debug|Any CPU
		Release|Any CPU = Release|Any CPU
	EndGlobalSection
	GlobalSection(ProjectConfigurationPlatforms) = postSolution
		{20B3BB00-70D9-4E3D-BCC3-D5D8B8ABDA2A}.Debug|Any CPU.ActiveCfg = Debug|Any CPU
		{20B3BB00-70D9-4E3D-BCC3-D5D8B8ABDA2A}.Debug|Any CPU.Build.0 = Debug|Any CPU
		{20B3BB00-70D9-4E3D-BCC3-D5D8B8ABDA2A}.Release|Any CPU.ActiveCfg = Release|Any CPU
		{20B3BB00-70D9-4E3D-BCC3-D5D8B8ABDA2A}.Release|Any CPU.Build.0 = Release|Any CPU
	EndGlobalSection
	GlobalSection(SolutionProperties) = preSolution
		HideSolutionNode = FALSE
	EndGlobalSection
EndGlobal
